
Microsoft Visual Studio Solution File, Format Version 12.00
# Visual Studio 15
VisualStudioVersion = 15.0.27130.2027
MinimumVisualStudioVersion = 10.0.40219.1
Project("{FAE04EC0-301F-11D3-BF4B-00C04F79EFBC}") = "GestMat", "GestMat\GestMat.csproj", "{BC82B698-7D85-462B-97CB-A7782B536902}"
EndProject
Global
	GlobalSection(SolutionConfigurationPlatforms) = preSolution
		Debug|Any CPU = Debug|Any CPU
		Release|Any CPU = Release|Any CPU
	EndGlobalSection
	GlobalSection(ProjectConfigurationPlatforms) = postSolution
		{BC82B698-7D85-462B-97CB-A7782B536902}.Debug|Any CPU.ActiveCfg = Debug|Any CPU
		{BC82B698-7D85-462B-97CB-A7782B536902}.Debug|Any CPU.Build.0 = Debug|Any CPU
		{BC82B698-7D85-462B-97CB-A7782B536902}.Release|Any CPU.ActiveCfg = Release|Any CPU
		{BC82B698-7D85-462B-97CB-A7782B536902}.Release|Any CPU.Build.0 = Release|Any CPU
	EndGlobalSection
	GlobalSection(SolutionProperties) = preSolution
		HideSolutionNode = FALSE
	EndGlobalSection
	GlobalSection(ExtensibilityGlobals) = postSolution
		SolutionGuid = {C989C310-9B53-4342-A305-44B14869A771}
	EndGlobalSection
EndGlobal
