
Microsoft Visual Studio Solution File, Format Version 12.00
# Visual Studio 15
VisualStudioVersion = 15.0.27130.2027
MinimumVisualStudioVersion = 10.0.40219.1
Project("{FAE04EC0-301F-11D3-BF4B-00C04F79EFBC}") = "GestionMat", "GestionMat\GestionMat.csproj", "{C04F46B8-40A0-451C-BC51-4F9210729622}"
EndProject
Global
	GlobalSection(SolutionConfigurationPlatforms) = preSolution
		Debug|Any CPU = Debug|Any CPU
		Release|Any CPU = Release|Any CPU
	EndGlobalSection
	GlobalSection(ProjectConfigurationPlatforms) = postSolution
		{C04F46B8-40A0-451C-BC51-4F9210729622}.Debug|Any CPU.ActiveCfg = Debug|Any CPU
		{C04F46B8-40A0-451C-BC51-4F9210729622}.Debug|Any CPU.Build.0 = Debug|Any CPU
		{C04F46B8-40A0-451C-BC51-4F9210729622}.Release|Any CPU.ActiveCfg = Release|Any CPU
		{C04F46B8-40A0-451C-BC51-4F9210729622}.Release|Any CPU.Build.0 = Release|Any CPU
	EndGlobalSection
	GlobalSection(SolutionProperties) = preSolution
		HideSolutionNode = FALSE
	EndGlobalSection
	GlobalSection(ExtensibilityGlobals) = postSolution
		SolutionGuid = {81E45C5C-7E6A-4F04-BCFB-CB3DBE848C5C}
	EndGlobalSection
EndGlobal
